
Microsoft Visual Studio Solution File, Format Version 12.00
# Visual Studio Version 17
VisualStudioVersion = 17.13.35825.156
MinimumVisualStudioVersion = 10.0.40219.1
Project("{FAE04EC0-301F-11D3-BF4B-00C04F79EFBC}") = "ContactListApp", "ContactListApp\ContactListApp.csproj", "{8EA06A69-77AA-4712-B4E8-20D4230F64E0}"
EndProject
Global
	GlobalSection(SolutionConfigurationPlatforms) = preSolution
		Debug|Any CPU = Debug|Any CPU
		Release|Any CPU = Release|Any CPU
	EndGlobalSection
	GlobalSection(ProjectConfigurationPlatforms) = postSolution
		{8EA06A69-77AA-4712-B4E8-20D4230F64E0}.Debug|Any CPU.ActiveCfg = Debug|Any CPU
		{8EA06A69-77AA-4712-B4E8-20D4230F64E0}.Debug|Any CPU.Build.0 = Debug|Any CPU
		{8EA06A69-77AA-4712-B4E8-20D4230F64E0}.Debug|Any CPU.Deploy.0 = Debug|Any CPU
		{8EA06A69-77AA-4712-B4E8-20D4230F64E0}.Release|Any CPU.ActiveCfg = Release|Any CPU
		{8EA06A69-77AA-4712-B4E8-20D4230F64E0}.Release|Any CPU.Build.0 = Release|Any CPU
	EndGlobalSection
	GlobalSection(SolutionProperties) = preSolution
		HideSolutionNode = FALSE
	EndGlobalSection
	GlobalSection(ExtensibilityGlobals) = postSolution
		SolutionGuid = {7C1FBD7A-B546-44C1-A41E-A8285265BA11}
	EndGlobalSection
EndGlobal
